
Microsoft Visual Studio Solution File, Format Version 12.00
# Visual Studio Version 17
VisualStudioVersion = 17.9.34622.214
MinimumVisualStudioVersion = 10.0.40219.1
Project("{FAE04EC0-301F-11D3-BF4B-00C04F79EFBC}") = "HomeSite", "HomeSite\HomeSite.csproj", "{62EC4DDD-CF15-4AA7-81F3-26891ED79439}"
EndProject
Global
	GlobalSection(SolutionConfigurationPlatforms) = preSolution
		Debug|Any CPU = Debug|Any CPU
		Release|Any CPU = Release|Any CPU
	EndGlobalSection
	GlobalSection(ProjectConfigurationPlatforms) = postSolution
		{62EC4DDD-CF15-4AA7-81F3-26891ED79439}.Debug|Any CPU.ActiveCfg = Debug|Any CPU
		{62EC4DDD-CF15-4AA7-81F3-26891ED79439}.Debug|Any CPU.Build.0 = Debug|Any CPU
		{62EC4DDD-CF15-4AA7-81F3-26891ED79439}.Release|Any CPU.ActiveCfg = Release|Any CPU
		{62EC4DDD-CF15-4AA7-81F3-26891ED79439}.Release|Any CPU.Build.0 = Release|Any CPU
	EndGlobalSection
	GlobalSection(SolutionProperties) = preSolution
		HideSolutionNode = FALSE
	EndGlobalSection
	GlobalSection(ExtensibilityGlobals) = postSolution
		SolutionGuid = {706823F4-124F-46F6-A344-A2E3B938E056}
	EndGlobalSection
EndGlobal
